
Microsoft Visual Studio Solution File, Format Version 12.00
# Visual Studio Version 17
VisualStudioVersion = 17.4.33403.182
MinimumVisualStudioVersion = 10.0.40219.1
Project("{FAE04EC0-301F-11D3-BF4B-00C04F79EFBC}") = "ATMAPI", "ATMAPI\ATMAPI.csproj", "{D290F72C-A7D0-4786-9285-0CD37D3BFD33}"
EndProject
Global
	GlobalSection(SolutionConfigurationPlatforms) = preSolution
		Debug|Any CPU = Debug|Any CPU
		Release|Any CPU = Release|Any CPU
	EndGlobalSection
	GlobalSection(ProjectConfigurationPlatforms) = postSolution
		{D290F72C-A7D0-4786-9285-0CD37D3BFD33}.Debug|Any CPU.ActiveCfg = Debug|Any CPU
		{D290F72C-A7D0-4786-9285-0CD37D3BFD33}.Debug|Any CPU.Build.0 = Debug|Any CPU
		{D290F72C-A7D0-4786-9285-0CD37D3BFD33}.Release|Any CPU.ActiveCfg = Release|Any CPU
		{D290F72C-A7D0-4786-9285-0CD37D3BFD33}.Release|Any CPU.Build.0 = Release|Any CPU
	EndGlobalSection
	GlobalSection(SolutionProperties) = preSolution
		HideSolutionNode = FALSE
	EndGlobalSection
	GlobalSection(ExtensibilityGlobals) = postSolution
		SolutionGuid = {A01AC313-3655-4956-ABC4-83EFAA4C7E0F}
	EndGlobalSection
EndGlobal
